// !$*UTF8*$!
{
	archiveVersion = 1;
	classes = {
	};
	objectVersion = 51;
	objects = {

/* Begin PBXBuildFile section */
		697FBEF5210734DB000FE912 /* AppDelegate.swift in Sources */ = {isa = PBXBuildFile; fileRef = 697FBEF4210734DB000FE912 /* AppDelegate.swift */; };
		697FBEF7210734DB000FE912 /* ViewController.swift in Sources */ = {isa = PBXBuildFile; fileRef = 697FBEF6210734DB000FE912 /* ViewController.swift */; };
		697FBEFA210734DB000FE912 /* Main.storyboard in Resources */ = {isa = PBXBuildFile; fileRef = 697FBEF8210734DB000FE912 /* Main.storyboard */; };
		697FBEFD210734DB000FE912 /* Social_Logins.xcdatamodeld in Sources */ = {isa = PBXBuildFile; fileRef = 697FBEFB210734DB000FE912 /* Social_Logins.xcdatamodeld */; };
		697FBEFF210734DD000FE912 /* Assets.xcassets in Resources */ = {isa = PBXBuildFile; fileRef = 697FBEFE210734DD000FE912 /* Assets.xcassets */; };
		697FBF02210734DD000FE912 /* LaunchScreen.storyboard in Resources */ = {isa = PBXBuildFile; fileRef = 697FBF00210734DD000FE912 /* LaunchScreen.storyboard */; };
		98E39D94F03226CF1A4CE124 /* Pods_Social_Logins.framework in Frameworks */ = {isa = PBXBuildFile; fileRef = 5E38841B5B8C019AEF4D0402 /* Pods_Social_Logins.framework */; };
/* End PBXBuildFile section */

/* Begin PBXFileReference section */
		29665E905050D965E0D6DCC1 /* Pods-Social Logins.release.xcconfig */ = {isa = PBXFileReference; includeInIndex = 1; lastKnownFileType = text.xcconfig; name = "Pods-Social Logins.release.xcconfig"; path = "Target Support Files/Pods-Social Logins/Pods-Social Logins.release.xcconfig"; sourceTree = "<group>"; };
		5E38841B5B8C019AEF4D0402 /* Pods_Social_Logins.framework */ = {isa = PBXFileReference; explicitFileType = wrapper.framework; includeInIndex = 0; path = Pods_Social_Logins.framework; sourceTree = BUILT_PRODUCTS_DIR; };
		697FBEF1210734DB000FE912 /* Social Logins.app */ = {isa = PBXFileReference; explicitFileType = wrapper.application; includeInIndex = 0; path = "Social Logins.app"; sourceTree = BUILT_PRODUCTS_DIR; };
		697FBEF4210734DB000FE912 /* AppDelegate.swift */ = {isa = PBXFileReference; lastKnownFileType = sourcecode.swift; path = AppDelegate.swift; sourceTree = "<group>"; };
		697FBEF6210734DB000FE912 /* ViewController.swift */ = {isa = PBXFileReference; lastKnownFileType = sourcecode.swift; path = ViewController.swift; sourceTree = "<group>"; };
		697FBEF9210734DB000FE912 /* Base */ = {isa = PBXFileReference; lastKnownFileType = file.storyboard; name = Base; path = Base.lproj/Main.storyboard; sourceTree = "<group>"; };
		697FBEFC210734DB000FE912 /* Social_Logins.xcdatamodel */ = {isa = PBXFileReference; lastKnownFileType = wrapper.xcdatamodel; path = Social_Logins.xcdatamodel; sourceTree = "<group>"; };
		697FBEFE210734DD000FE912 /* Assets.xcassets */ = {isa = PBXFileReference; lastKnownFileType = folder.assetcatalog; path = Assets.xcassets; sourceTree = "<group>"; };
		697FBF01210734DD000FE912 /* Base */ = {isa = PBXFileReference; lastKnownFileType = file.storyboard; name = Base; path = Base.lproj/LaunchScreen.storyboard; sourceTree = "<group>"; };
		697FBF03210734DD000FE912 /* Info.plist */ = {isa = PBXFileReference; lastKnownFileType = text.plist.xml; path = Info.plist; sourceTree = "<group>"; };
		C35FF3A968A2B9AE6C97D1D5 /* Pods-Social Logins.debug.xcconfig */ = {isa = PBXFileReference; includeInIndex = 1; lastKnownFileType = text.xcconfig; name = "Pods-Social Logins.debug.xcconfig"; path = "Target Support Files/Pods-Social Logins/Pods-Social Logins.debug.xcconfig"; sourceTree = "<group>"; };
/* End PBXFileReference section */

/* Begin PBXFrameworksBuildPhase section */
		697FBEEE210734DB000FE912 /* Frameworks */ = {
			isa = PBXFrameworksBuildPhase;
			buildActionMask = 2147483647;
			files = (
				98E39D94F03226CF1A4CE124 /* Pods_Social_Logins.framework in Frameworks */,
			);
			runOnlyForDeploymentPostprocessing = 0;
		};
/* End PBXFrameworksBuildPhase section */

/* Begin PBXGroup section */
		358A9BBB624FB72709C024DB /* Frameworks */ = {
			isa = PBXGroup;
			children = (
				5E38841B5B8C019AEF4D0402 /* Pods_Social_Logins.framework */,
			);
			name = Frameworks;
			sourceTree = "<group>";
		};
		697FBEE8210734DB000FE912 = {
			isa = PBXGroup;
			children = (
				697FBEF3210734DB000FE912 /* Social Logins */,
				697FBEF2210734DB000FE912 /* Products */,
				B11C3E99B76CA321C14EED13 /* Pods */,
				358A9BBB624FB72709C024DB /* Frameworks */,
			);
			sourceTree = "<group>";
		};
		697FBEF2210734DB000FE912 /* Products */ = {
			isa = PBXGroup;
			children = (
				697FBEF1210734DB000FE912 /* Social Logins.app */,
			);
			name = Products;
			sourceTree = "<group>";
		};
		697FBEF3210734DB000FE912 /* Social Logins */ = {
			isa = PBXGroup;
			children = (
				697FBEF4210734DB000FE912 /* AppDelegate.swift */,
				697FBEF6210734DB000FE912 /* ViewController.swift */,
				697FBEF8210734DB000FE912 /* Main.storyboard */,
				697FBEFE210734DD000FE912 /* Assets.xcassets */,
				697FBF00210734DD000FE912 /* LaunchScreen.storyboard */,
				697FBF03210734DD000FE912 /* Info.plist */,
				697FBEFB210734DB000FE912 /* Social_Logins.xcdatamodeld */,
			);
			path = "Social Logins";
			sourceTree = "<group>";
		};
		B11C3E99B76CA321C14EED13 /* Pods */ = {
			isa = PBXGroup;
			children = (
				C35FF3A968A2B9AE6C97D1D5 /* Pods-Social Logins.debug.xcconfig */,
				29665E905050D965E0D6DCC1 /* Pods-Social Logins.release.xcconfig */,
			);
			path = Pods;
			sourceTree = "<group>";
		};
/* End PBXGroup section */

/* Begin PBXNativeTarget section */
		697FBEF0210734DB000FE912 /* Social Logins */ = {
			isa = PBXNativeTarget;
			buildConfigurationList = 697FBF06210734DD000FE912 /* Build configuration list for PBXNativeTarget "Social Logins" */;
			buildPhases = (
				BE01958CF044260E7194894C /* [CP] Check Pods Manifest.lock */,
				697FBEED210734DB000FE912 /* Sources */,
				697FBEEE210734DB000FE912 /* Frameworks */,
				697FBEEF210734DB000FE912 /* Resources */,
				9085878E629EE24800C6B417 /* [CP] Embed Pods Frameworks */,
			);
			buildRules = (
			);
			dependencies = (
			);
			name = "Social Logins";
			productName = "Social Logins";
			productReference = 697FBEF1210734DB000FE912 /* Social Logins.app */;
			productType = "com.apple.product-type.application";
		};
/* End PBXNativeTarget section */

/* Begin PBXProject section */
		697FBEE9210734DB000FE912 /* Project object */ = {
			isa = PBXProject;
			attributes = {
				LastSwiftUpdateCheck = 0940;
				LastUpgradeCheck = 1200;
				ORGANIZATIONNAME = "Harendra Sharma";
				TargetAttributes = {
					697FBEF0210734DB000FE912 = {
						CreatedOnToolsVersion = 9.4;
						LastSwiftMigration = 1200;
					};
				};
			};
			buildConfigurationList = 697FBEEC210734DB000FE912 /* Build configuration list for PBXProject "Social Logins" */;
			compatibilityVersion = "Xcode 9.3";
			developmentRegion = en;
			hasScannedForEncodings = 0;
			knownRegions = (
				en,
				Base,
			);
			mainGroup = 697FBEE8210734DB000FE912;
			productRefGroup = 697FBEF2210734DB000FE912 /* Products */;
			projectDirPath = "";
			projectRoot = "";
			targets = (
				697FBEF0210734DB000FE912 /* Social Logins */,
			);
		};
/* End PBXProject section */

/* Begin PBXResourcesBuildPhase section */
		697FBEEF210734DB000FE912 /* Resources */ = {
			isa = PBXResourcesBuildPhase;
			buildActionMask = 2147483647;
			files = (
				697FBF02210734DD000FE912 /* LaunchScreen.storyboard in Resources */,
				697FBEFF210734DD000FE912 /* Assets.xcassets in Resources */,
				697FBEFA210734DB000FE912 /* Main.storyboard in Resources */,
			);
			runOnlyForDeploymentPostprocessing = 0;
		};
/* End PBXResourcesBuildPhase section */

/* Begin PBXShellScriptBuildPhase section */
		9085878E629EE24800C6B417 /* [CP] Embed Pods Frameworks */ = {
			isa = PBXShellScriptBuildPhase;
			buildActionMask = 2147483647;
			files = (
			);
			inputFileListPaths = (
				"${PODS_ROOT}/Target Support Files/Pods-Social Logins/Pods-Social Logins-frameworks-${CONFIGURATION}-input-files.xcfilelist",
			);
			name = "[CP] Embed Pods Frameworks";
			outputFileListPaths = (
				"${PODS_ROOT}/Target Support Files/Pods-Social Logins/Pods-Social Logins-frameworks-${CONFIGURATION}-output-files.xcfilelist",
			);
			runOnlyForDeploymentPostprocessing = 0;
			shellPath = /bin/sh;
			shellScript = "\"${PODS_ROOT}/Target Support Files/Pods-Social Logins/Pods-Social Logins-frameworks.sh\"\n";
			showEnvVarsInLog = 0;
		};
		BE01958CF044260E7194894C /* [CP] Check Pods Manifest.lock */ = {
			isa = PBXShellScriptBuildPhase;
			buildActionMask = 2147483647;
			files = (
			);
			inputFileListPaths = (
			);
			inputPaths = (
				"${PODS_PODFILE_DIR_PATH}/Podfile.lock",
				"${PODS_ROOT}/Manifest.lock",
			);
			name = "[CP] Check Pods Manifest.lock";
			outputFileListPaths = (
			);
			outputPaths = (
				"$(DERIVED_FILE_DIR)/Pods-Social Logins-checkManifestLockResult.txt",
			);
			runOnlyForDeploymentPostprocessing = 0;
			shellPath = /bin/sh;
			shellScript = "diff \"${PODS_PODFILE_DIR_PATH}/Podfile.lock\" \"${PODS_ROOT}/Manifest.lock\" > /dev/null\nif [ $? != 0 ] ; then\n    # print error to STDERR\n    echo \"error: The sandbox is not in sync with the Podfile.lock. Run 'pod install' or update your CocoaPods installation.\" >&2\n    exit 1\nfi\n# This output is used by Xcode 'outputs' to avoid re-running this script phase.\necho \"SUCCESS\" > \"${SCRIPT_OUTPUT_FILE_0}\"\n";
			showEnvVarsInLog = 0;
		};
/* End PBXShellScriptBuildPhase section */

/* Begin PBXSourcesBuildPhase section */
		697FBEED210734DB000FE912 /* Sources */ = {
			isa = PBXSourcesBuildPhase;
			buildActionMask = 2147483647;
			files = (
				697FBEFD210734DB000FE912 /* Social_Logins.xcdatamodeld in Sources */,
				697FBEF7210734DB000FE912 /* ViewController.swift in Sources */,
				697FBEF5210734DB000FE912 /* AppDelegate.swift in Sources */,
			);
			runOnlyForDeploymentPostprocessing = 0;
		};
/* End PBXSourcesBuildPhase section */

/* Begin PBXVariantGroup section */
		697FBEF8210734DB000FE912 /* Main.storyboard */ = {
			isa = PBXVariantGroup;
			children = (
				697FBEF9210734DB000FE912 /* Base */,
			);
			name = Main.storyboard;
			sourceTree = "<group>";
		};
		697FBF00210734DD000FE912 /* LaunchScreen.storyboard */ = {
			isa = PBXVariantGroup;
			children = (
				697FBF01210734DD000FE912 /* Base */,
			);
			name = LaunchScreen.storyboard;
			sourceTree = "<group>";
		};
/* End PBXVariantGroup section */

/* Begin XCBuildConfiguration section */
		697FBF04210734DD000FE912 /* Debug */ = {
			isa = XCBuildConfiguration;
			buildSettings = {
				ALWAYS_SEARCH_USER_PATHS = NO;
				CLANG_ANALYZER_NONNULL = YES;
				CLANG_ANALYZER_NUMBER_OBJECT_CONVERSION = YES_AGGRESSIVE;
				CLANG_CXX_LANGUAGE_STANDARD = "gnu++14";
				CLANG_CXX_LIBRARY = "libc++";
				CLANG_ENABLE_MODULES = YES;
				CLANG_ENABLE_OBJC_ARC = YES;
				CLANG_ENABLE_OBJC_WEAK = YES;
				CLANG_WARN_BLOCK_CAPTURE_AUTORELEASING = YES;
				CLANG_WARN_BOOL_CONVERSION = YES;
				CLANG_WARN_COMMA = YES;
				CLANG_WARN_CONSTANT_CONVERSION = YES;
				CLANG_WARN_DEPRECATED_OBJC_IMPLEMENTATIONS = YES;
				CLANG_WARN_DIRECT_OBJC_ISA_USAGE = YES_ERROR;
				CLANG_WARN_DOCUMENTATION_COMMENTS = YES;
				CLANG_WARN_EMPTY_BODY = YES;
				CLANG_WARN_ENUM_CONVERSION = YES;
				CLANG_WARN_INFINITE_RECURSION = YES;
				CLANG_WARN_INT_CONVERSION = YES;
				CLANG_WARN_NON_LITERAL_NULL_CONVERSION = YES;
				CLANG_WARN_OBJC_IMPLICIT_RETAIN_SELF = YES;
				CLANG_WARN_OBJC_LITERAL_CONVERSION = YES;
				CLANG_WARN_OBJC_ROOT_CLASS = YES_ERROR;
				CLANG_WARN_QUOTED_INCLUDE_IN_FRAMEWORK_HEADER = YES;
				CLANG_WARN_RANGE_LOOP_ANALYSIS = YES;
				CLANG_WARN_STRICT_PROTOTYPES = YES;
				CLANG_WARN_SUSPICIOUS_MOVE = YES;
				CLANG_WARN_UNGUARDED_AVAILABILITY = YES_AGGRESSIVE;
				CLANG_WARN_UNREACHABLE_CODE = YES;
				CLANG_WARN__DUPLICATE_METHOD_MATCH = YES;
				CODE_SIGN_IDENTITY = "iPhone Developer";
				COPY_PHASE_STRIP = NO;
				DEBUG_INFORMATION_FORMAT = dwarf;
				ENABLE_STRICT_OBJC_MSGSEND = YES;
				ENABLE_TESTABILITY = YES;
				GCC_C_LANGUAGE_STANDARD = gnu11;
				GCC_DYNAMIC_NO_PIC = NO;
				GCC_NO_COMMON_BLOCKS = YES;
				GCC_OPTIMIZATION_LEVEL = 0;
				GCC_PREPROCESSOR_DEFINITIONS = (
					"DEBUG=1",
					"$(inherited)",
				);
				GCC_WARN_64_TO_32_BIT_CONVERSION = YES;
				GCC_WARN_ABOUT_RETURN_TYPE = YES_ERROR;
				GCC_WARN_UNDECLARED_SELECTOR = YES;
				GCC_WARN_UNINITIALIZED_AUTOS = YES_AGGRESSIVE;
				GCC_WARN_UNUSED_FUNCTION = YES;
				GCC_WARN_UNUSED_VARIABLE = YES;
				IPHONEOS_DEPLOYMENT_TARGET = 12.0;
				MTL_ENABLE_DEBUG_INFO = YES;
				ONLY_ACTIVE_ARCH = YES;
				SDKROOT = iphoneos;
				SWIFT_ACTIVE_COMPILATION_CONDITIONS = DEBUG;
				SWIFT_OPTIMIZATION_LEVEL = "-Onone";
			};
			name = Debug;
		};
		697FBF05210734DD000FE912 /* Release */ = {
			isa = XCBuildConfiguration;
			buildSettings = {
				ALWAYS_SEARCH_USER_PATHS = NO;
				CLANG_ANALYZER_NONNULL = YES;
				CLANG_ANALYZER_NUMBER_OBJECT_CONVERSION = YES_AGGRESSIVE;
				CLANG_CXX_LANGUAGE_STANDARD = "gnu++14";
				CLANG_CXX_LIBRARY = "libc++";
				CLANG_ENABLE_MODULES = YES;
				CLANG_ENABLE_OBJC_ARC = YES;
				CLANG_ENABLE_OBJC_WEAK = YES;
				CLANG_WARN_BLOCK_CAPTURE_AUTORELEASING = YES;
				CLANG_WARN_BOOL_CONVERSION = YES;
				CLANG_WARN_COMMA = YES;
				CLANG_WARN_CONSTANT_CONVERSION = YES;
				CLANG_WARN_DEPRECATED_OBJC_IMPLEMENTATIONS = YES;
				CLANG_WARN_DIRECT_OBJC_ISA_USAGE = YES_ERROR;
				CLANG_WARN_DOCUMENTATION_COMMENTS = YES;
				CLANG_WARN_EMPTY_BODY = YES;
				CLANG_WARN_ENUM_CONVERSION = YES;
				CLANG_WARN_INFINITE_RECURSION = YES;
				CLANG_WARN_INT_CONVERSION = YES;
				CLANG_WARN_NON_LITERAL_NULL_CONVERSION = YES;
				CLANG_WARN_OBJC_IMPLICIT_RETAIN_SELF = YES;
				CLANG_WARN_OBJC_LITERAL_CONVERSION = YES;
				CLANG_WARN_OBJC_ROOT_CLASS = YES_ERROR;
				CLANG_WARN_QUOTED_INCLUDE_IN_FRAMEWORK_HEADER = YES;
				CLANG_WARN_RANGE_LOOP_ANALYSIS = YES;
				CLANG_WARN_STRICT_PROTOTYPES = YES;
				CLANG_WARN_SUSPICIOUS_MOVE = YES;
				CLANG_WARN_UNGUARDED_AVAILABILITY = YES_AGGRESSIVE;
				CLANG_WARN_UNREACHABLE_CODE = YES;
				CLANG_WARN__DUPLICATE_METHOD_MATCH = YES;
				CODE_SIGN_IDENTITY = "iPhone Developer";
				COPY_PHASE_STRIP = NO;
				DEBUG_INFORMATION_FORMAT = "dwarf-with-dsym";
				ENABLE_NS_ASSERTIONS = NO;
				ENABLE_STRICT_OBJC_MSGSEND = YES;
				GCC_C_LANGUAGE_STANDARD = gnu11;
				GCC_NO_COMMON_BLOCKS = YES;
				GCC_WARN_64_TO_32_BIT_CONVERSION = YES;
				GCC_WARN_ABOUT_RETURN_TYPE = YES_ERROR;
				GCC_WARN_UNDECLARED_SELECTOR = YES;
				GCC_WARN_UNINITIALIZED_AUTOS = YES_AGGRESSIVE;
				GCC_WARN_UNUSED_FUNCTION = YES;
				GCC_WARN_UNUSED_VARIABLE = YES;
				IPHONEOS_DEPLOYMENT_TARGET = 12.0;
				MTL_ENABLE_DEBUG_INFO = NO;
				SDKROOT = iphoneos;
				SWIFT_COMPILATION_MODE = wholemodule;
				SWIFT_OPTIMIZATION_LEVEL = "-O";
				VALIDATE_PRODUCT = YES;
			};
			name = Release;
		};
		697FBF07210734DD000FE912 /* Debug */ = {
			isa = XCBuildConfiguration;
			baseConfigurationReference = C35FF3A968A2B9AE6C97D1D5 /* Pods-Social Logins.debug.xcconfig */;
			buildSettings = {
				ASSETCATALOG_COMPILER_APPICON_NAME = AppIcon;
				CODE_SIGN_STYLE = Automatic;
				INFOPLIST_FILE = "Social Logins/Info.plist";
				LD_RUNPATH_SEARCH_PATHS = (
					"$(inherited)",
					"@executable_path/Frameworks",
				);
				PRODUCT_BUNDLE_IDENTIFIER = "com.harendra.social.Social-Logins";
				PRODUCT_NAME = "$(TARGET_NAME)";
				SWIFT_VERSION = 5.0;
				TARGETED_DEVICE_FAMILY = "1,2";
			};
			name = Debug;
		};
		697FBF08210734DD000FE912 /* Release */ = {
			isa = XCBuildConfiguration;
			baseConfigurationReference = 29665E905050D965E0D6DCC1 /* Pods-Social Logins.release.xcconfig */;
			buildSettings = {
				ASSETCATALOG_COMPILER_APPICON_NAME = AppIcon;
				CODE_SIGN_STYLE = Automatic;
				INFOPLIST_FILE = "Social Logins/Info.plist";
				LD_RUNPATH_SEARCH_PATHS = (
					"$(inherited)",
					"@executable_path/Frameworks",
				);
				PRODUCT_BUNDLE_IDENTIFIER = "com.harendra.social.Social-Logins";
				PRODUCT_NAME = "$(TARGET_NAME)";
				SWIFT_VERSION = 5.0;
				TARGETED_DEVICE_FAMILY = "1,2";
			};
			name = Release;
		};
/* End XCBuildConfiguration section */

/* Begin XCConfigurationList section */
		697FBEEC210734DB000FE912 /* Build configuration list for PBXProject "Social Logins" */ = {
			isa = XCConfigurationList;
			buildConfigurations = (
				697FBF04210734DD000FE912 /* Debug */,
				697FBF05210734DD000FE912 /* Release */,
			);
			defaultConfigurationIsVisible = 0;
			defaultConfigurationName = Release;
		};
		697FBF06210734DD000FE912 /* Build configuration list for PBXNativeTarget "Social Logins" */ = {
			isa = XCConfigurationList;
			buildConfigurations = (
				697FBF07210734DD000FE912 /* Debug */,
				697FBF08210734DD000FE912 /* Release */,
			);
			defaultConfigurationIsVisible = 0;
			defaultConfigurationName = Release;
		};
/* End XCConfigurationList section */

/* Begin XCVersionGroup section */
		697FBEFB210734DB000FE912 /* Social_Logins.xcdatamodeld */ = {
			isa = XCVersionGroup;
			children = (
				697FBEFC210734DB000FE912 /* Social_Logins.xcdatamodel */,
			);
			currentVersion = 697FBEFC210734DB000FE912 /* Social_Logins.xcdatamodel */;
			path = Social_Logins.xcdatamodeld;
			sourceTree = "<group>";
			versionGroupType = wrapper.xcdatamodel;
		};
/* End XCVersionGroup section */
	};
	rootObject = 697FBEE9210734DB000FE912 /* Project object */;
}
